
Microsoft Visual Studio Solution File, Format Version 12.00
# Visual Studio 2012
Project("{E24C65DC-7377-472B-9ABA-BC803B73C61A}") = "app6.quarkwebs.com", "app6.quarkwebs.com\", "{9D80E220-09BF-41EF-BD12-3184F5261E87}"
	ProjectSection(WebsiteProperties) = preProject
		TargetFrameworkMoniker = ".NETFramework,Version%3Dv4.0"
		Debug.AspNetCompiler.VirtualPath = "/app6.quarkwebs.com"
		Debug.AspNetCompiler.PhysicalPath = "app6.quarkwebs.com\"
		Debug.AspNetCompiler.TargetPath = "PrecompiledWeb\app6.quarkwebs.com\"
		Debug.AspNetCompiler.Updateable = "true"
		Debug.AspNetCompiler.ForceOverwrite = "true"
		Debug.AspNetCompiler.FixedNames = "false"
		Debug.AspNetCompiler.Debug = "True"
		Release.AspNetCompiler.VirtualPath = "/app6.quarkwebs.com"
		Release.AspNetCompiler.PhysicalPath = "app6.quarkwebs.com\"
		Release.AspNetCompiler.TargetPath = "PrecompiledWeb\app6.quarkwebs.com\"
		Release.AspNetCompiler.Updateable = "true"
		Release.AspNetCompiler.ForceOverwrite = "true"
		Release.AspNetCompiler.FixedNames = "false"
		Release.AspNetCompiler.Debug = "False"
		VWDPort = "63055"
	EndProjectSection
EndProject
Global
	GlobalSection(SolutionConfigurationPlatforms) = preSolution
		Debug|Any CPU = Debug|Any CPU
	EndGlobalSection
	GlobalSection(ProjectConfigurationPlatforms) = postSolution
		{9D80E220-09BF-41EF-BD12-3184F5261E87}.Debug|Any CPU.ActiveCfg = Debug|Any CPU
		{9D80E220-09BF-41EF-BD12-3184F5261E87}.Debug|Any CPU.Build.0 = Debug|Any CPU
	EndGlobalSection
	GlobalSection(SolutionProperties) = preSolution
		HideSolutionNode = FALSE
	EndGlobalSection
EndGlobal
